github.com/aaronland/go-json-query v0.1.2 h1:+yJBCJk9kcRAzbErhh+zOqK3DHSs/GmuSqXcCn5yH/c=
github.com/aaronland/go-json-query v0.1.2/go.mod h1:kkCl5KrO+fVSL2M8b/i3qO5PsnCpmajGXkbJHpEQPY8=
github.com/aaronland/go-roster v1.0.0 h1:FRDGrTqsYySKjWnAhbBGXyeGlI/o5/t9FZYCbUmyQtI=
github.com/aaronland/go-roster v1.0.0/go.mod h1:KIsYZgrJlAsyb9LsXSCvlqvbcCBVjCSqcQiZx42i9ro=
github.com/tidwall/gjson v1.12.1 h1:ikuZsLdhr8Ws0IdROXUS1Gi4v9Z4pGqpX/CvJkxvfpo=
github.com/tidwall/gjson v1.12.1/go.mod h1:/wbyibRr2FHMks5tjHJ5F8dMZh3AcwJEMf5vlfC0lxk=
github.com/tidwall/match v1.1.1 h1:+Ho715JplO36QYgwN9PGYNhgZvoUSc9X2c80KVTi+GA=
github.com/tidwall/match v1.1.1/go.mod h1:eRSPERbgtNPcGhD8UCthc6PmLEQXEWd3PRB5JTxsfmM=
github.com/tidwall/pretty v1.2.0 h1:RWIZEg2iJ8/g6fDDYzMpobmaoGh5OLl4AXtGUGPcqCs=
github.com/tidwall/pretty v1.2.0/go.mod h1:ITEVvHYasfjBbM0u2Pg8T2nJnzm8xPwvNhhsoaGGjNU=
github.com/whosonfirst/go-ioutil v1.0.2 h1:+GJPfa42OFn5A+5yJSc5jQTQIkNV3/MhYyg4pavdrC8=
github.com/whosonfirst/go-ioutil v1.0.2/go.mod h1:2dS1vWdAIkiHDvDF8fYyjv6k2NISmwaIjJJeEDBEdvg=
github.com/whosonfirst/go-whosonfirst-crawl v0.2.1 h1:nNG7r7/4MaII/NM8Df2oqgfgVNBDoIKlseleoX1vw1Q=
github.com/whosonfirst/go-whosonfirst-crawl v0.2.1/go.mod h1:MTD1TCgAkXlAtysPU98ylrz9Y5+ZCfRrsrBnRyiH/t8=
github.com/whosonfirst/walk v0.0.1 h1:t0QrqGwOdPMSeovFZSXfiS0GIGHrRXK3Wb9z5Uhs2bg=
github.com/whosonfirst/walk v0.0.1/go.mod h1:1KtP/VeooSlFOI61p+THc/C16Ra8Z5MjpjI0tsd3c1M=
