github.com/aaronland/go-json-query v0.1.6 h1:i4HHIFeZr6jguE/TFWYSJmDZDH2PyrI5MH1YSqJ2F80=
github.com/aaronland/go-json-query v0.1.6/go.mod h1:acIgF0MbnW5fp/oGaVJAFs692X8ZQTsRoDlklXV3w9Q=
github.com/aaronland/go-roster v1.0.0 h1:FRDGrTqsYySKjWnAhbBGXyeGlI/o5/t9FZYCbUmyQtI=
github.com/aaronland/go-roster v1.0.0/go.mod h1:KIsYZgrJlAsyb9LsXSCvlqvbcCBVjCSqcQiZx42i9ro=
github.com/tidwall/gjson v1.18.0 h1:FIDeeyB800efLX89e5a8Y0BNH+LOngJyGrIWxG2FKQY=
github.com/tidwall/gjson v1.18.0/go.mod h1:/wbyibRr2FHMks5tjHJ5F8dMZh3AcwJEMf5vlfC0lxk=
github.com/tidwall/match v1.1.1 h1:+Ho715JplO36QYgwN9PGYNhgZvoUSc9X2c80KVTi+GA=
github.com/tidwall/match v1.1.1/go.mod h1:eRSPERbgtNPcGhD8UCthc6PmLEQXEWd3PRB5JTxsfmM=
github.com/tidwall/pretty v1.2.0 h1:RWIZEg2iJ8/g6fDDYzMpobmaoGh5OLl4AXtGUGPcqCs=
github.com/tidwall/pretty v1.2.0/go.mod h1:ITEVvHYasfjBbM0u2Pg8T2nJnzm8xPwvNhhsoaGGjNU=
github.com/whosonfirst/go-ioutil v1.0.2 h1:+GJPfa42OFn5A+5yJSc5jQTQIkNV3/MhYyg4pavdrC8=
github.com/whosonfirst/go-ioutil v1.0.2/go.mod h1:2dS1vWdAIkiHDvDF8fYyjv6k2NISmwaIjJJeEDBEdvg=
github.com/whosonfirst/go-whosonfirst-crawl v0.2.2 h1:7nwpNV/BFoPR0R7KMMy1iiYAer7wlHJBUOiL+NLzIFs=
github.com/whosonfirst/go-whosonfirst-crawl v0.2.2/go.mod h1:2GZkaK9jaOisWRnBQGWzmb7H55TUFl9y9F30lrk2hwk=
github.com/whosonfirst/go-whosonfirst-sources v0.1.0 h1:JuKLa6KWke22jBfJ1pM9WQHoz1/3pbDv2C+aR+THPPQ=
github.com/whosonfirst/go-whosonfirst-sources v0.1.0/go.mod h1:EUMHyGzUmqPPxlMmOp+28BFeoBdxxE0HCKRd67lkqGM=
github.com/whosonfirst/go-whosonfirst-uri v1.3.0 h1:LYOVLqP9rWQxauYVkdw65j5LZxEi8OK0GHh/qCEpX4g=
github.com/whosonfirst/go-whosonfirst-uri v1.3.0/go.mod h1:CuVygTCUpMG945MMvqHyqxvc/L5YkDaMrrVpRFr7ZxY=
github.com/whosonfirst/walk v0.0.2 h1:fA0xskpnorC8OTvA1IKVOwQ12joCW6R5k2+/qd9lS7k=
github.com/whosonfirst/walk v0.0.2/go.mod h1:HvRa/XX8jGtggvwAFMWMMuNy1M3+ZDqDX2hxiGR9b2o=
